
Microsoft Visual Studio Solution File, Format Version 12.00
# Visual Studio Version 17
VisualStudioVersion = 17.3.32825.248
MinimumVisualStudioVersion = 10.0.40219.1
Project("{FAE04EC0-301F-11D3-BF4B-00C04F79EFBC}") = "DemoLoan", "DemoLoan.csproj", "{B04AF427-D092-4BED-876F-5C3F3E3817AD}"
EndProject
Project("{2150E333-8FDC-42A3-9474-1A3956D46DE8}") = "Solution Items", "Solution Items", "{F496C763-DAB4-4D0B-93A6-D03A472D3810}"
	ProjectSection(SolutionItems) = preProject
		.editorconfig = .editorconfig
	EndProjectSection
EndProject
Global
	GlobalSection(SolutionConfigurationPlatforms) = preSolution
		Debug|Any CPU = Debug|Any CPU
		Release|Any CPU = Release|Any CPU
	EndGlobalSection
	GlobalSection(ProjectConfigurationPlatforms) = postSolution
		{B04AF427-D092-4BED-876F-5C3F3E3817AD}.Debug|Any CPU.ActiveCfg = Debug|Any CPU
		{B04AF427-D092-4BED-876F-5C3F3E3817AD}.Debug|Any CPU.Build.0 = Debug|Any CPU
		{B04AF427-D092-4BED-876F-5C3F3E3817AD}.Release|Any CPU.ActiveCfg = Release|Any CPU
		{B04AF427-D092-4BED-876F-5C3F3E3817AD}.Release|Any CPU.Build.0 = Release|Any CPU
	EndGlobalSection
	GlobalSection(SolutionProperties) = preSolution
		HideSolutionNode = FALSE
	EndGlobalSection
	GlobalSection(ExtensibilityGlobals) = postSolution
		SolutionGuid = {90625189-6CE2-4C3B-9DD6-5A166C16F662}
	EndGlobalSection
EndGlobal
