
Microsoft Visual Studio Solution File, Format Version 12.00
# Visual Studio Version 17
VisualStudioVersion = 17.3.32819.101
MinimumVisualStudioVersion = 10.0.40219.1
Project("{FAE04EC0-301F-11D3-BF4B-00C04F79EFBC}") = "IntegerFacts", "IntegerFacts.csproj", "{0B8C5DA2-BA03-4752-B097-442FCC858B0F}"
EndProject
Global
	GlobalSection(SolutionConfigurationPlatforms) = preSolution
		Debug|Any CPU = Debug|Any CPU
		Release|Any CPU = Release|Any CPU
	EndGlobalSection
	GlobalSection(ProjectConfigurationPlatforms) = postSolution
		{0B8C5DA2-BA03-4752-B097-442FCC858B0F}.Debug|Any CPU.ActiveCfg = Debug|Any CPU
		{0B8C5DA2-BA03-4752-B097-442FCC858B0F}.Debug|Any CPU.Build.0 = Debug|Any CPU
		{0B8C5DA2-BA03-4752-B097-442FCC858B0F}.Release|Any CPU.ActiveCfg = Release|Any CPU
		{0B8C5DA2-BA03-4752-B097-442FCC858B0F}.Release|Any CPU.Build.0 = Release|Any CPU
	EndGlobalSection
	GlobalSection(SolutionProperties) = preSolution
		HideSolutionNode = FALSE
	EndGlobalSection
	GlobalSection(ExtensibilityGlobals) = postSolution
		SolutionGuid = {B3462E2B-0870-46C5-88FD-6AE3A7E0D022}
	EndGlobalSection
EndGlobal
